
Microsoft Visual Studio Solution File, Format Version 12.00
# Visual Studio 15
VisualStudioVersion = 15.0.26730.16
MinimumVisualStudioVersion = 10.0.40219.1
Project("{FAE04EC0-301F-11D3-BF4B-00C04F79EFBC}") = "NostreetsInterceptor", "NostreetsInterceptor\NostreetsInterceptor.csproj", "{B9BFE81C-76C2-4D9B-9954-20A34C1D3542}"
EndProject
Global
	GlobalSection(SolutionConfigurationPlatforms) = preSolution
		Debug|Any CPU = Debug|Any CPU
		Release|Any CPU = Release|Any CPU
	EndGlobalSection
	GlobalSection(ProjectConfigurationPlatforms) = postSolution
		{B9BFE81C-76C2-4D9B-9954-20A34C1D3542}.Debug|Any CPU.ActiveCfg = Debug|Any CPU
		{B9BFE81C-76C2-4D9B-9954-20A34C1D3542}.Debug|Any CPU.Build.0 = Debug|Any CPU
		{B9BFE81C-76C2-4D9B-9954-20A34C1D3542}.Release|Any CPU.ActiveCfg = Release|Any CPU
		{B9BFE81C-76C2-4D9B-9954-20A34C1D3542}.Release|Any CPU.Build.0 = Release|Any CPU
	EndGlobalSection
	GlobalSection(SolutionProperties) = preSolution
		HideSolutionNode = FALSE
	EndGlobalSection
	GlobalSection(ExtensibilityGlobals) = postSolution
		SolutionGuid = {1FFC08FB-A4B5-43C2-8A7C-AD071DB55B61}
	EndGlobalSection
EndGlobal
